
Microsoft Visual Studio Solution File, Format Version 12.00
# Visual Studio Version 17
VisualStudioVersion = 17.13.35806.99
MinimumVisualStudioVersion = 10.0.40219.1
Project("{2150E333-8FDC-42A3-9474-1A3956D46DE8}") = "BackEnd", "BackEnd", "{02EA681E-C7D8-13C7-8484-4AC65E1B71E8}"
EndProject
Project("{FAE04EC0-301F-11D3-BF4B-00C04F79EFBC}") = "ProductsAPIProject", "ProductsAPIProject\ProductsAPIProject.csproj", "{08306884-73D8-41E9-A463-BAFF3CAB4508}"
EndProject
Project("{2150E333-8FDC-42A3-9474-1A3956D46DE8}") = "FrontEnd", "FrontEnd", "{B2B8A29E-7059-41CD-B5FC-E2695FD33491}"
EndProject
Project("{FAE04EC0-301F-11D3-BF4B-00C04F79EFBC}") = "ProductsFrontProject", "ProductsFrontProject\ProductsFrontProject.csproj", "{457980E2-16C6-4A82-B696-A8E72FDB8D76}"
EndProject
Global
	GlobalSection(SolutionConfigurationPlatforms) = preSolution
		Debug|Any CPU = Debug|Any CPU
		Release|Any CPU = Release|Any CPU
	EndGlobalSection
	GlobalSection(ProjectConfigurationPlatforms) = postSolution
		{08306884-73D8-41E9-A463-BAFF3CAB4508}.Debug|Any CPU.ActiveCfg = Debug|Any CPU
		{08306884-73D8-41E9-A463-BAFF3CAB4508}.Debug|Any CPU.Build.0 = Debug|Any CPU
		{08306884-73D8-41E9-A463-BAFF3CAB4508}.Release|Any CPU.ActiveCfg = Release|Any CPU
		{08306884-73D8-41E9-A463-BAFF3CAB4508}.Release|Any CPU.Build.0 = Release|Any CPU
		{457980E2-16C6-4A82-B696-A8E72FDB8D76}.Debug|Any CPU.ActiveCfg = Debug|Any CPU
		{457980E2-16C6-4A82-B696-A8E72FDB8D76}.Debug|Any CPU.Build.0 = Debug|Any CPU
		{457980E2-16C6-4A82-B696-A8E72FDB8D76}.Release|Any CPU.ActiveCfg = Release|Any CPU
		{457980E2-16C6-4A82-B696-A8E72FDB8D76}.Release|Any CPU.Build.0 = Release|Any CPU
	EndGlobalSection
	GlobalSection(SolutionProperties) = preSolution
		HideSolutionNode = FALSE
	EndGlobalSection
	GlobalSection(NestedProjects) = preSolution
		{08306884-73D8-41E9-A463-BAFF3CAB4508} = {02EA681E-C7D8-13C7-8484-4AC65E1B71E8}
		{457980E2-16C6-4A82-B696-A8E72FDB8D76} = {B2B8A29E-7059-41CD-B5FC-E2695FD33491}
	EndGlobalSection
	GlobalSection(ExtensibilityGlobals) = postSolution
		SolutionGuid = {9580F4F5-F6C9-468A-AAB1-153FBDCE15E4}
	EndGlobalSection
EndGlobal
